{
  "pins" : [
    {
      "identity" : "alamofire",
      "kind" : "remoteSourceControl",
      "location" : "https://github.com/Alamofire/Alamofire.git",
      "state" : {
        "revision" : "bc268c28fb170f494de9e9927c371b8342979ece",
        "version" : "5.7.1"
      }
    },
    {
      "identity" : "stinsen",
      "kind" : "remoteSourceControl",
      "location" : "https://github.com/rundfunk47/stinsen",
      "state" : {
        "revision" : "91ddedb7d86c7d3aa2d0dd281f1113ebae256324",
        "version" : "2.0.13"
      }
    }
  ],
  "version" : 2
}
